
Microsoft Visual Studio Solution File, Format Version 12.00
# Visual Studio Version 17
VisualStudioVersion = 17.14.36616.10 d17.14
MinimumVisualStudioVersion = 10.0.40219.1
Project("{FAE04EC0-301F-11D3-BF4B-00C04F79EFBC}") = "Reqnroll_Playwright_API_Automation_Test", "Reqnroll_Playwright_API_Automation_Test.csproj", "{E84ABCDF-34F5-F70D-705E-EC20C89B9026}"
EndProject
Global
	GlobalSection(SolutionConfigurationPlatforms) = preSolution
		Debug|Any CPU = Debug|Any CPU
		Release|Any CPU = Release|Any CPU
	EndGlobalSection
	GlobalSection(ProjectConfigurationPlatforms) = postSolution
		{E84ABCDF-34F5-F70D-705E-EC20C89B9026}.Debug|Any CPU.ActiveCfg = Debug|Any CPU
		{E84ABCDF-34F5-F70D-705E-EC20C89B9026}.Debug|Any CPU.Build.0 = Debug|Any CPU
		{E84ABCDF-34F5-F70D-705E-EC20C89B9026}.Release|Any CPU.ActiveCfg = Release|Any CPU
		{E84ABCDF-34F5-F70D-705E-EC20C89B9026}.Release|Any CPU.Build.0 = Release|Any CPU
	EndGlobalSection
	GlobalSection(SolutionProperties) = preSolution
		HideSolutionNode = FALSE
	EndGlobalSection
	GlobalSection(ExtensibilityGlobals) = postSolution
		SolutionGuid = {09EFAA39-5BA0-4948-A056-3EC6DD2E2F3E}
	EndGlobalSection
EndGlobal
